{
  "name": "opensupport-agentops",
  "version": "0.1.0",
  "lockfileVersion": 3,
  "requires": true,
  "packages": {
    "": {
      "name": "opensupport-agentops",
      "version": "0.1.0",
      "license": "MIT",
      "workspaces": [
        "apps/*",
        "packages/*"
      ],
      "devDependencies": {
        "@types/node": "^25.9.3",
        "typescript": "^6.0.3"
      }
    },
    "node_modules/@opensupport/agent-core": {
      "resolved": "packages/agent-core",
      "link": true
    },
    "node_modules/@opensupport/agent-runtime": {
      "resolved": "packages/agent-runtime",
      "link": true
    },
    "node_modules/@opensupport/approvals": {
      "resolved": "packages/approvals",
      "link": true
    },
    "node_modules/@opensupport/chatwoot": {
      "resolved": "packages/chatwoot",
      "link": true
    },
    "node_modules/@opensupport/eval": {
      "resolved": "packages/eval",
      "link": true
    },
    "node_modules/@opensupport/guardrails": {
      "resolved": "packages/guardrails",
      "link": true
    },
    "node_modules/@opensupport/llm-observability": {
      "resolved": "packages/llm-observability",
      "link": true
    },
    "node_modules/@opensupport/llm-runtime": {
      "resolved": "packages/llm-runtime",
      "link": true
    },
    "node_modules/@opensupport/model-config": {
      "resolved": "packages/model-config",
      "link": true
    },
    "node_modules/@opensupport/pii": {
      "resolved": "packages/pii",
      "link": true
    },
    "node_modules/@opensupport/rag": {
      "resolved": "packages/rag",
      "link": true
    },
    "node_modules/@opensupport/retrieval": {
      "resolved": "packages/retrieval",
      "link": true
    },
    "node_modules/@opensupport/runtime-control": {
      "resolved": "packages/runtime-control",
      "link": true
    },
    "node_modules/@opensupport/runtime-orchestrator": {
      "resolved": "packages/runtime-orchestrator",
      "link": true
    },
    "node_modules/@opensupport/shared": {
      "resolved": "packages/shared",
      "link": true
    },
    "node_modules/@opensupport/tools": {
      "resolved": "packages/tools",
      "link": true
    },
    "node_modules/@opensupport/trace": {
      "resolved": "packages/trace",
      "link": true
    },
    "node_modules/@types/node": {
      "version": "25.9.3",
      "resolved": "https://registry.npmjs.org/@types/node/-/node-25.9.3.tgz",
      "integrity": "sha512-603BddQMv3pUcr4U2dhujk83N2tTDVr/34wII2B6bJy6g+8WD6yUb11jszNs0gdi4PesVWl7ABt8nYMVpnLUcg==",
      "dev": true,
      "license": "MIT",
      "dependencies": {
        "undici-types": ">=7.24.0 <7.24.7"
      }
    },
    "node_modules/typescript": {
      "version": "6.0.3",
      "resolved": "https://registry.npmjs.org/typescript/-/typescript-6.0.3.tgz",
      "integrity": "sha512-y2TvuxSZPDyQakkFRPZHKFm+KKVqIisdg9/CZwm9ftvKXLP8NRWj38/ODjNbr43SsoXqNuAisEf1GdCxqWcdBw==",
      "dev": true,
      "license": "Apache-2.0",
      "bin": {
        "tsc": "bin/tsc",
        "tsserver": "bin/tsserver"
      },
      "engines": {
        "node": ">=14.17"
      }
    },
    "node_modules/undici-types": {
      "version": "7.24.6",
      "resolved": "https://registry.npmjs.org/undici-types/-/undici-types-7.24.6.tgz",
      "integrity": "sha512-WRNW+sJgj5OBN4/0JpHFqtqzhpbnV0GuB+OozA9gCL7a993SmU+1JBZCzLNxYsbMfIeDL+lTsphD5jN5N+n0zg==",
      "dev": true,
      "license": "MIT"
    },
    "packages/agent-core": {
      "name": "@opensupport/agent-core",
      "version": "0.1.0",
      "dependencies": {
        "@opensupport/shared": "0.1.0"
      }
    },
    "packages/agent-runtime": {
      "name": "@opensupport/agent-runtime",
      "version": "0.1.0",
      "dependencies": {
        "@opensupport/agent-core": "0.1.0",
        "@opensupport/guardrails": "0.1.0",
        "@opensupport/shared": "0.1.0"
      }
    },
    "packages/approvals": {
      "name": "@opensupport/approvals",
      "version": "0.1.0",
      "dependencies": {
        "@opensupport/chatwoot": "0.1.0",
        "@opensupport/runtime-control": "0.1.0",
        "@opensupport/shared": "0.1.0"
      }
    },
    "packages/chatwoot": {
      "name": "@opensupport/chatwoot",
      "version": "0.1.0",
      "dependencies": {
        "@opensupport/shared": "0.1.0"
      }
    },
    "packages/eval": {
      "name": "@opensupport/eval",
      "version": "0.1.0",
      "dependencies": {
        "@opensupport/shared": "0.1.0"
      }
    },
    "packages/guardrails": {
      "name": "@opensupport/guardrails",
      "version": "0.1.0",
      "dependencies": {
        "@opensupport/shared": "0.1.0"
      }
    },
    "packages/llm-observability": {
      "name": "@opensupport/llm-observability",
      "version": "0.1.0",
      "dependencies": {
        "@opensupport/shared": "0.1.0"
      }
    },
    "packages/llm-runtime": {
      "name": "@opensupport/llm-runtime",
      "version": "0.1.0",
      "dependencies": {
        "@opensupport/agent-core": "0.1.0",
        "@opensupport/llm-observability": "0.1.0",
        "@opensupport/model-config": "0.1.0",
        "@opensupport/shared": "0.1.0"
      }
    },
    "packages/model-config": {
      "name": "@opensupport/model-config",
      "version": "0.1.0",
      "dependencies": {
        "@opensupport/shared": "0.1.0"
      }
    },
    "packages/pii": {
      "name": "@opensupport/pii",
      "version": "0.1.0",
      "dependencies": {
        "@opensupport/shared": "0.1.0"
      }
    },
    "packages/rag": {
      "name": "@opensupport/rag",
      "version": "0.1.0",
      "dependencies": {
        "@opensupport/shared": "0.1.0"
      }
    },
    "packages/retrieval": {
      "name": "@opensupport/retrieval",
      "version": "0.1.0",
      "dependencies": {
        "@opensupport/shared": "0.1.0"
      }
    },
    "packages/runtime-control": {
      "name": "@opensupport/runtime-control",
      "version": "0.1.0",
      "dependencies": {
        "@opensupport/shared": "0.1.0"
      }
    },
    "packages/runtime-orchestrator": {
      "name": "@opensupport/runtime-orchestrator",
      "version": "0.1.0",
      "dependencies": {
        "@opensupport/approvals": "0.1.0",
        "@opensupport/chatwoot": "0.1.0",
        "@opensupport/runtime-control": "0.1.0",
        "@opensupport/shared": "0.1.0"
      }
    },
    "packages/shared": {
      "name": "@opensupport/shared",
      "version": "0.1.0"
    },
    "packages/tools": {
      "name": "@opensupport/tools",
      "version": "0.1.0",
      "dependencies": {
        "@opensupport/shared": "0.1.0"
      }
    },
    "packages/trace": {
      "name": "@opensupport/trace",
      "version": "0.1.0",
      "dependencies": {
        "@opensupport/shared": "0.1.0"
      }
    }
  }
}
